{
  "name": "@wf/prism",
  "version": "1.1.0",
  "lockfileVersion": 1,
  "requires": true,
  "dependencies": {
    "@prisma/bar": {
      "version": "0.0.0",
      "resolved": "https://registry.npmjs.org/@prisma/bar/-/bar-0.0.0.tgz",
      "integrity": "sha512-3nez9n/vMyAr4+nmqj6Xh3cGZbreYHr3RWX0vgtrFRpiN6otuCzL+9HW8MW/DfZNuFz5YyIdfwnRSPueUZPoWQ==",
      "dev": true
    },
    "@prisma/cli": {
      "version": "2.10.0",
      "resolved": "https://registry.npmjs.org/@prisma/cli/-/cli-2.10.0.tgz",
      "integrity": "sha512-qJl891HvroM1oEWYeG8+h/JJ+wNi4MCyh7x+HAnmrIYGFW45QAsCWjHbn0mUuCSXCy3KwiN/iAwaY2Fr7ZNJEw==",
      "dev": true,
      "requires": {
        "@prisma/bar": "^0.0.0",
        "@prisma/engines": "2.10.0-16-af1ae11a423edfb5d24092a85be11fa77c5e499c"
      }
    },
    "@prisma/client": {
      "version": "2.10.0",
      "resolved": "https://registry.npmjs.org/@prisma/client/-/client-2.10.0.tgz",
      "integrity": "sha512-TZoT5SYmCkVqMt8rKp3NAUm6UTqjNUMp2W94IcVn2d5DVkOR5TZGkxP/u8KuSoY3KQWIG+KQy/azIKetKxc+LQ==",
      "requires": {
        "@prisma/engines-version": "2.10.0-16-af1ae11a423edfb5d24092a85be11fa77c5e499c"
      }
    },
    "@prisma/engines": {
      "version": "2.10.0-16-af1ae11a423edfb5d24092a85be11fa77c5e499c",
      "resolved": "https://registry.npmjs.org/@prisma/engines/-/engines-2.10.0-16-af1ae11a423edfb5d24092a85be11fa77c5e499c.tgz",
      "integrity": "sha512-59htYpsqdVVe7aElozUZ3/eV/ujwrUvaE+KVcNyzFh0yFIL7FLbSly55KWlyUdDWyB+0eTyd/yV7E/iKYnOF/Q==",
      "dev": true
    },
    "@prisma/engines-version": {
      "version": "2.10.0-16-af1ae11a423edfb5d24092a85be11fa77c5e499c",
      "resolved": "https://registry.npmjs.org/@prisma/engines-version/-/engines-version-2.10.0-16-af1ae11a423edfb5d24092a85be11fa77c5e499c.tgz",
      "integrity": "sha512-8dW/oSDBv3fovNzTn2sjpITgD4IhHYPnmkbPp4Gv4rqjB14tpB0OuU1xkygVRIRJisTBRoYyjfiVaaWea/e57A=="
    }
  }
}
